hash: 7e858b9b71dc3b6cad95bd5d49e3c8b6917f4f041734be7750cbde877380ef65
updated: 2016-09-01T11:06:09.277061561-07:00
imports:
- name: github.com/cloudfoundry-incubator/candiedyaml
  version: 99c3df83b51532e3615f851d8c2dbb638f5313bf
- name: github.com/coreos/etcd
  version: 9e5bccd4586e68f05e675d2ce1544053c2db52e3
  subpackages:
  - client
  - pkg/transport
  - pkg/pathutil
  - pkg/types
  - pkg/fileutil
  - pkg/tlsutil
- name: github.com/coreos/go-systemd
  version: bfdc81d0d7e0fb19447b08571f63b774495251ce
  subpackages:
  - daemon
  - journal
  - util
- name: github.com/coreos/pkg
  version: fa29b1d70f0beaddd4c7021607cc3c3be8ce94b8
  subpackages:
  - capnslog
- name: github.com/docker/distribution
  version: 41f383fb9a3b4e3ff428a92db4f7836f8053058b
  subpackages:
  - reference
  - digest
- name: github.com/docker/engine-api
  version: f9cef590446e4e6073b49b652f47a337b897c1a3
  subpackages:
  - client
  - types
  - types/container
  - types/filters
  - types/mount
  - types/network
  - types/registry
  - types/swarm
  - client/transport
  - client/transport/cancellable
  - types/reference
  - types/time
  - types/versions
  - types/blkiodev
  - types/strslice
- name: github.com/docker/go-connections
  version: 0bad1a3951398f88ef4dd75fdb42af374430be89
  subpackages:
  - nat
  - sockets
  - tlsconfig
- name: github.com/docker/go-units
  version: 2c1805a1c750c4ea749899f49221e1d5f3e5ce42
- name: github.com/docopt/docopt-go
  version: 784ddc588536785e7299f7272f39101f7faccc3f
- name: github.com/ghodss/yaml
  version: aa0c862057666179de291b67d9f093d12b5a8473
- name: github.com/golang/glog
  version: 23def4e6c14b4da8ac2ed8007337bc5eb5007998
- name: github.com/kelseyhightower/envconfig
  version: 1e291572dcb9ba673cdcdb15e0f422702415ebaf
- name: github.com/mattn/go-runewidth
  version: d6bea18f789704b5f83375793155289da36a3c7f
- name: github.com/Microsoft/go-winio
  version: ce2922f643c8fd76b46cadc7f404a06282678b34
- name: github.com/olekukonko/tablewriter
  version: daf2955e742cf123959884fdff4685aa79b63135
- name: github.com/opencontainers/runc
  version: b79076544e2edbe4180b7bc424d793dd6a8f1f90
  subpackages:
  - libcontainer/user
- name: github.com/satori/go.uuid
  version: 0aa62d5ddceb50dbcb909d790b5345affd3669b6
- name: github.com/Sirupsen/logrus
  version: 55eb11d21d2a31a3cc93838241d04800f52e823d
  subpackages:
  - formatters/logstash
- name: github.com/tigera/libcalico-go
  version: ad3dc6c75af26bdae34d2366af57f51311a03580
  subpackages:
  - lib/api
  - lib/api/unversioned
  - lib/client
  - lib/errors
  - lib/net
  - lib/scope
  - lib/validator
  - lib/backend
  - lib/backend/api
  - lib/backend/model
  - lib/numorstring
  - lib/selector
  - lib/backend/etcd
  - lib/backend/compat
  - lib/selector/parser
  - lib/hwm
  - lib/hash
  - lib/selector/tokenizer
- name: github.com/ugorji/go
  version: f1f1a805ed361a0e078bb537e4ea78cd37dcf065
  subpackages:
  - codec
- name: golang.org/x/net
  version: 4876518f9e71663000c348837735820161a42df7
  subpackages:
  - context
  - proxy
- name: golang.org/x/sys
  version: 9c60d1c508f5134d1ca726b4641db998f2523357
  subpackages:
  - unix
  - windows
- name: gopkg.in/go-playground/validator.v8
  version: 5f57d2222ad794d0dffb07e664ea05e2ee07d60c
- name: gopkg.in/tchap/go-patricia.v2
  version: 666120de432aea38ab06bd5c818f04f4129882c9
  subpackages:
  - patricia
testImports: []
